
Microsoft Visual Studio Solution File, Format Version 12.00
# Visual Studio Version 17
VisualStudioVersion = 17.10.35013.160
MinimumVisualStudioVersion = 10.0.40219.1
Project("{9A19103F-16F7-4668-BE54-9A1E7A4F7556}") = "duendeIdentityServer", "IdentityServerForPizza\duendeIdentityServer.csproj", "{8CFFE922-F752-4059-9196-46212721142D}"
EndProject
Global
	GlobalSection(SolutionConfigurationPlatforms) = preSolution
		Debug|Any CPU = Debug|Any CPU
		Release|Any CPU = Release|Any CPU
	EndGlobalSection
	GlobalSection(ProjectConfigurationPlatforms) = postSolution
		{8CFFE922-F752-4059-9196-46212721142D}.Debug|Any CPU.ActiveCfg = Debug|Any CPU
		{8CFFE922-F752-4059-9196-46212721142D}.Debug|Any CPU.Build.0 = Debug|Any CPU
		{8CFFE922-F752-4059-9196-46212721142D}.Release|Any CPU.ActiveCfg = Release|Any CPU
		{8CFFE922-F752-4059-9196-46212721142D}.Release|Any CPU.Build.0 = Release|Any CPU
	EndGlobalSection
	GlobalSection(SolutionProperties) = preSolution
		HideSolutionNode = FALSE
	EndGlobalSection
	GlobalSection(ExtensibilityGlobals) = postSolution
		SolutionGuid = {23F415DB-BC86-4D13-BCC4-E7E3F207236B}
	EndGlobalSection
EndGlobal
